
Microsoft Visual Studio Solution File, Format Version 12.00
# Visual Studio Version 16
VisualStudioVersion = 16.0.30503.244
MinimumVisualStudioVersion = 10.0.40219.1
Project("{FAE04EC0-301F-11D3-BF4B-00C04F79EFBC}") = "WMSCrack", "WMSCrack\WMSCrack.csproj", "{31644865-B3B9-45A6-8221-2C7BAE0D854F}"
EndProject
Global
	GlobalSection(SolutionConfigurationPlatforms) = preSolution
		Debug|Any CPU = Debug|Any CPU
		Release|Any CPU = Release|Any CPU
	EndGlobalSection
	GlobalSection(ProjectConfigurationPlatforms) = postSolution
		{31644865-B3B9-45A6-8221-2C7BAE0D854F}.Debug|Any CPU.ActiveCfg = Debug|Any CPU
		{31644865-B3B9-45A6-8221-2C7BAE0D854F}.Debug|Any CPU.Build.0 = Debug|Any CPU
		{31644865-B3B9-45A6-8221-2C7BAE0D854F}.Release|Any CPU.ActiveCfg = Release|Any CPU
		{31644865-B3B9-45A6-8221-2C7BAE0D854F}.Release|Any CPU.Build.0 = Release|Any CPU
	EndGlobalSection
	GlobalSection(SolutionProperties) = preSolution
		HideSolutionNode = FALSE
	EndGlobalSection
	GlobalSection(ExtensibilityGlobals) = postSolution
		SolutionGuid = {42118A4D-908B-4563-9D51-2BD5099B9B59}
	EndGlobalSection
EndGlobal
